
Microsoft Visual Studio Solution File, Format Version 12.00
# Visual Studio Version 17
VisualStudioVersion = 17.8.34601.278
MinimumVisualStudioVersion = 10.0.40219.1
Project("{FAE04EC0-301F-11D3-BF4B-00C04F79EFBC}") = "CarRestAPI", "CarRestAPI\CarRestAPI.csproj", "{E4D45BF1-9098-491E-9A04-8368E3260EE1}"
EndProject
Project("{FAE04EC0-301F-11D3-BF4B-00C04F79EFBC}") = "CarRestAPITests", "CarRestAPITests\CarRestAPITests.csproj", "{FBCB767E-834D-41D7-A262-026ADEB4465C}"
EndProject
Global
	GlobalSection(SolutionConfigurationPlatforms) = preSolution
		Debug|Any CPU = Debug|Any CPU
		Release|Any CPU = Release|Any CPU
	EndGlobalSection
	GlobalSection(ProjectConfigurationPlatforms) = postSolution
		{E4D45BF1-9098-491E-9A04-8368E3260EE1}.Debug|Any CPU.ActiveCfg = Debug|Any CPU
		{E4D45BF1-9098-491E-9A04-8368E3260EE1}.Debug|Any CPU.Build.0 = Debug|Any CPU
		{E4D45BF1-9098-491E-9A04-8368E3260EE1}.Release|Any CPU.ActiveCfg = Release|Any CPU
		{E4D45BF1-9098-491E-9A04-8368E3260EE1}.Release|Any CPU.Build.0 = Release|Any CPU
		{FBCB767E-834D-41D7-A262-026ADEB4465C}.Debug|Any CPU.ActiveCfg = Debug|Any CPU
		{FBCB767E-834D-41D7-A262-026ADEB4465C}.Debug|Any CPU.Build.0 = Debug|Any CPU
		{FBCB767E-834D-41D7-A262-026ADEB4465C}.Release|Any CPU.ActiveCfg = Release|Any CPU
		{FBCB767E-834D-41D7-A262-026ADEB4465C}.Release|Any CPU.Build.0 = Release|Any CPU
	EndGlobalSection
	GlobalSection(SolutionProperties) = preSolution
		HideSolutionNode = FALSE
	EndGlobalSection
	GlobalSection(ExtensibilityGlobals) = postSolution
		SolutionGuid = {5794A8D3-D6D8-4EAA-8551-340E56B022A2}
	EndGlobalSection
EndGlobal
